
Microsoft Visual Studio Solution File, Format Version 12.00
# Visual Studio 2012
Project("{FAE04EC0-301F-11D3-BF4B-00C04F79EFBC}") = "WindowsRemoteControlService", "WindowsRemoteControlService\WindowsRemoteControlService.csproj", "{B8CC47D5-DCB9-4A28-8B34-010ECC37C5B1}"
EndProject
Project("{FAE04EC0-301F-11D3-BF4B-00C04F79EFBC}") = "TestRemotePlugin", "TestRemotePlugin\TestRemotePlugin.csproj", "{C62100DB-83A1-496E-9012-DD4F8147E55B}"
EndProject
Project("{FAE04EC0-301F-11D3-BF4B-00C04F79EFBC}") = "SystemPlugin", "TestActionPlugin\SystemPlugin.csproj", "{38FFB166-E24D-48EF-A17A-231A04D83F90}"
EndProject
Project("{FAE04EC0-301F-11D3-BF4B-00C04F79EFBC}") = "TwitterRemotePlugin", "TwitterRemotePlugin\TwitterRemotePlugin.csproj", "{998C79BA-4079-41B1-8760-3B806A5D92AF}"
EndProject
Project("{FAE04EC0-301F-11D3-BF4B-00C04F79EFBC}") = "VKRemotePlugin", "VKRemoteControlPlugin\VKRemotePlugin.csproj", "{1A3B0EF5-B953-459E-993E-7DC65757A763}"
EndProject
Global
	GlobalSection(SolutionConfigurationPlatforms) = preSolution
		Debug|Any CPU = Debug|Any CPU
		Release|Any CPU = Release|Any CPU
	EndGlobalSection
	GlobalSection(ProjectConfigurationPlatforms) = postSolution
		{1A3B0EF5-B953-459E-993E-7DC65757A763}.Debug|Any CPU.ActiveCfg = Debug|Any CPU
		{1A3B0EF5-B953-459E-993E-7DC65757A763}.Debug|Any CPU.Build.0 = Debug|Any CPU
		{1A3B0EF5-B953-459E-993E-7DC65757A763}.Release|Any CPU.ActiveCfg = Release|Any CPU
		{1A3B0EF5-B953-459E-993E-7DC65757A763}.Release|Any CPU.Build.0 = Release|Any CPU
		{38FFB166-E24D-48EF-A17A-231A04D83F90}.Debug|Any CPU.ActiveCfg = Debug|Any CPU
		{38FFB166-E24D-48EF-A17A-231A04D83F90}.Debug|Any CPU.Build.0 = Debug|Any CPU
		{38FFB166-E24D-48EF-A17A-231A04D83F90}.Release|Any CPU.ActiveCfg = Release|Any CPU
		{38FFB166-E24D-48EF-A17A-231A04D83F90}.Release|Any CPU.Build.0 = Release|Any CPU
		{998C79BA-4079-41B1-8760-3B806A5D92AF}.Debug|Any CPU.ActiveCfg = Debug|Any CPU
		{998C79BA-4079-41B1-8760-3B806A5D92AF}.Debug|Any CPU.Build.0 = Debug|Any CPU
		{998C79BA-4079-41B1-8760-3B806A5D92AF}.Release|Any CPU.ActiveCfg = Release|Any CPU
		{998C79BA-4079-41B1-8760-3B806A5D92AF}.Release|Any CPU.Build.0 = Release|Any CPU
		{B8CC47D5-DCB9-4A28-8B34-010ECC37C5B1}.Debug|Any CPU.ActiveCfg = Debug|Any CPU
		{B8CC47D5-DCB9-4A28-8B34-010ECC37C5B1}.Debug|Any CPU.Build.0 = Debug|Any CPU
		{B8CC47D5-DCB9-4A28-8B34-010ECC37C5B1}.Release|Any CPU.ActiveCfg = Release|Any CPU
		{B8CC47D5-DCB9-4A28-8B34-010ECC37C5B1}.Release|Any CPU.Build.0 = Release|Any CPU
		{C62100DB-83A1-496E-9012-DD4F8147E55B}.Debug|Any CPU.ActiveCfg = Debug|Any CPU
		{C62100DB-83A1-496E-9012-DD4F8147E55B}.Debug|Any CPU.Build.0 = Debug|Any CPU
		{C62100DB-83A1-496E-9012-DD4F8147E55B}.Release|Any CPU.ActiveCfg = Release|Any CPU
		{C62100DB-83A1-496E-9012-DD4F8147E55B}.Release|Any CPU.Build.0 = Release|Any CPU
	EndGlobalSection
	GlobalSection(SolutionProperties) = preSolution
		HideSolutionNode = FALSE
	EndGlobalSection
EndGlobal
